
Microsoft Visual Studio Solution File, Format Version 12.00
# Visual Studio 15
VisualStudioVersion = 15.0.27428.2015
MinimumVisualStudioVersion = 10.0.40219.1
Project("{8BC9CEB8-8B4A-11D0-8D11-00A0C91BC942}") = "test", "test\test.vcxproj", "{27CDA0FE-971C-4E35-B491-B223FB32C327}"
EndProject
Global
	GlobalSection(SolutionConfigurationPlatforms) = preSolution
		Debug|x64 = Debug|x64
		Debug|x86 = Debug|x86
		Release|x64 = Release|x64
		Release|x86 = Release|x86
	EndGlobalSection
	GlobalSection(ProjectConfigurationPlatforms) = postSolution
		{27CDA0FE-971C-4E35-B491-B223FB32C327}.Debug|x64.ActiveCfg = Debug|x64
		{27CDA0FE-971C-4E35-B491-B223FB32C327}.Debug|x64.Build.0 = Debug|x64
		{27CDA0FE-971C-4E35-B491-B223FB32C327}.Debug|x86.ActiveCfg = Debug|Win32
		{27CDA0FE-971C-4E35-B491-B223FB32C327}.Debug|x86.Build.0 = Debug|Win32
		{27CDA0FE-971C-4E35-B491-B223FB32C327}.Release|x64.ActiveCfg = Release|x64
		{27CDA0FE-971C-4E35-B491-B223FB32C327}.Release|x64.Build.0 = Release|x64
		{27CDA0FE-971C-4E35-B491-B223FB32C327}.Release|x86.ActiveCfg = Release|Win32
		{27CDA0FE-971C-4E35-B491-B223FB32C327}.Release|x86.Build.0 = Release|Win32
	EndGlobalSection
	GlobalSection(SolutionProperties) = preSolution
		HideSolutionNode = FALSE
	EndGlobalSection
	GlobalSection(ExtensibilityGlobals) = postSolution
		SolutionGuid = {9FD90AFE-B8E8-43E9-A4B2-0AA4C515CD23}
	EndGlobalSection
EndGlobal
